
Microsoft Visual Studio Solution File, Format Version 12.00
# Visual Studio Version 16
VisualStudioVersion = 16.0.29905.134
MinimumVisualStudioVersion = 10.0.40219.1
Project("{8BC9CEB8-8B4A-11D0-8D11-00A0C91BC942}") = "FreeCell", "FreeCell\FreeCell.vcxproj", "{8873BD14-6518-40F3-BBF7-29648503C56E}"
EndProject
Project("{8BC9CEB8-8B4A-11D0-8D11-00A0C91BC942}") = "QtFreeCell", "QtFreeCell\QtFreeCell.vcxproj", "{8E4B5E89-38D9-42E9-A763-097493C5C0DF}"
EndProject
Global
	GlobalSection(SolutionConfigurationPlatforms) = preSolution
		Debug|x64 = Debug|x64
		Debug|x86 = Debug|x86
		Release|x64 = Release|x64
		Release|x86 = Release|x86
	EndGlobalSection
	GlobalSection(ProjectConfigurationPlatforms) = postSolution
		{8873BD14-6518-40F3-BBF7-29648503C56E}.Debug|x64.ActiveCfg = Debug|x64
		{8873BD14-6518-40F3-BBF7-29648503C56E}.Debug|x64.Build.0 = Debug|x64
		{8873BD14-6518-40F3-BBF7-29648503C56E}.Debug|x86.ActiveCfg = Debug|Win32
		{8873BD14-6518-40F3-BBF7-29648503C56E}.Debug|x86.Build.0 = Debug|Win32
		{8873BD14-6518-40F3-BBF7-29648503C56E}.Release|x64.ActiveCfg = Release|x64
		{8873BD14-6518-40F3-BBF7-29648503C56E}.Release|x64.Build.0 = Release|x64
		{8873BD14-6518-40F3-BBF7-29648503C56E}.Release|x86.ActiveCfg = Release|Win32
		{8873BD14-6518-40F3-BBF7-29648503C56E}.Release|x86.Build.0 = Release|Win32
		{8E4B5E89-38D9-42E9-A763-097493C5C0DF}.Debug|x64.ActiveCfg = Debug|x64
		{8E4B5E89-38D9-42E9-A763-097493C5C0DF}.Debug|x64.Build.0 = Debug|x64
		{8E4B5E89-38D9-42E9-A763-097493C5C0DF}.Debug|x86.ActiveCfg = Debug|x64
		{8E4B5E89-38D9-42E9-A763-097493C5C0DF}.Release|x64.ActiveCfg = Release|x64
		{8E4B5E89-38D9-42E9-A763-097493C5C0DF}.Release|x64.Build.0 = Release|x64
		{8E4B5E89-38D9-42E9-A763-097493C5C0DF}.Release|x86.ActiveCfg = Release|x64
	EndGlobalSection
	GlobalSection(SolutionProperties) = preSolution
		HideSolutionNode = FALSE
	EndGlobalSection
	GlobalSection(ExtensibilityGlobals) = postSolution
		SolutionGuid = {BCC01ED9-A0E0-4C60-A61B-B8B4BF0C9FEB}
	EndGlobalSection
EndGlobal
